
Microsoft Visual Studio Solution File, Format Version 12.00
# Visual Studio Version 17
VisualStudioVersion = 17.4.33110.190
MinimumVisualStudioVersion = 10.0.40219.1
Project("{FAE04EC0-301F-11D3-BF4B-00C04F79EFBC}") = "IP Change", "IP Change\IP Change.csproj", "{402A007E-3ED0-4B96-A194-37D55A3D2305}"
EndProject
Global
	GlobalSection(SolutionConfigurationPlatforms) = preSolution
		Debug|Any CPU = Debug|Any CPU
		Release|Any CPU = Release|Any CPU
	EndGlobalSection
	GlobalSection(ProjectConfigurationPlatforms) = postSolution
		{402A007E-3ED0-4B96-A194-37D55A3D2305}.Debug|Any CPU.ActiveCfg = Debug|Any CPU
		{402A007E-3ED0-4B96-A194-37D55A3D2305}.Debug|Any CPU.Build.0 = Debug|Any CPU
		{402A007E-3ED0-4B96-A194-37D55A3D2305}.Release|Any CPU.ActiveCfg = Release|Any CPU
		{402A007E-3ED0-4B96-A194-37D55A3D2305}.Release|Any CPU.Build.0 = Release|Any CPU
	EndGlobalSection
	GlobalSection(SolutionProperties) = preSolution
		HideSolutionNode = FALSE
	EndGlobalSection
	GlobalSection(ExtensibilityGlobals) = postSolution
		SolutionGuid = {2B1CA29B-A920-4A3B-9A71-727126952822}
	EndGlobalSection
EndGlobal
